// !$*UTF8*$!
{
	archiveVersion = 1;
	classes = {
	};
	objectVersion = 46;
	objects = {

/* Begin PBXBuildFile section */
		8760CE5F1BF7C09100D30891 /* AppDelegate.swift in Sources */ = {isa = PBXBuildFile; fileRef = 8760CE5E1BF7C09100D30891 /* AppDelegate.swift */; };
		8760CE611BF7C09100D30891 /* ViewController.swift in Sources */ = {isa = PBXBuildFile; fileRef = 8760CE601BF7C09100D30891 /* ViewController.swift */; };
		8760CE641BF7C09100D30891 /* Main.storyboard in Resources */ = {isa = PBXBuildFile; fileRef = 8760CE621BF7C09100D30891 /* Main.storyboard */; };
		8760CE671BF7C09100D30891 /* LateDBC.xcdatamodeld in Sources */ = {isa = PBXBuildFile; fileRef = 8760CE651BF7C09100D30891 /* LateDBC.xcdatamodeld */; };
		8760CE691BF7C09100D30891 /* Assets.xcassets in Resources */ = {isa = PBXBuildFile; fileRef = 8760CE681BF7C09100D30891 /* Assets.xcassets */; };
		8760CE6C1BF7C09100D30891 /* LaunchScreen.storyboard in Resources */ = {isa = PBXBuildFile; fileRef = 8760CE6A1BF7C09100D30891 /* LaunchScreen.storyboard */; };
/* End PBXBuildFile section */

/* Begin PBXFileReference section */
		8760CE5B1BF7C09100D30891 /* LateDBC.app */ = {isa = PBXFileReference; explicitFileType = wrapper.application; includeInIndex = 0; path = LateDBC.app; sourceTree = BUILT_PRODUCTS_DIR; };
		8760CE5E1BF7C09100D30891 /* AppDelegate.swift */ = {isa = PBXFileReference; lastKnownFileType = sourcecode.swift; path = AppDelegate.swift; sourceTree = "<group>"; };
		8760CE601BF7C09100D30891 /* ViewController.swift */ = {isa = PBXFileReference; lastKnownFileType = sourcecode.swift; path = ViewController.swift; sourceTree = "<group>"; };
		8760CE631BF7C09100D30891 /* Base */ = {isa = PBXFileReference; lastKnownFileType = file.storyboard; name = Base; path = Base.lproj/Main.storyboard; sourceTree = "<group>"; };
		8760CE661BF7C09100D30891 /* LateDBC.xcdatamodel */ = {isa = PBXFileReference; lastKnownFileType = wrapper.xcdatamodel; path = LateDBC.xcdatamodel; sourceTree = "<group>"; };
		8760CE681BF7C09100D30891 /* Assets.xcassets */ = {isa = PBXFileReference; lastKnownFileType = folder.assetcatalog; path = Assets.xcassets; sourceTree = "<group>"; };
		8760CE6B1BF7C09100D30891 /* Base */ = {isa = PBXFileReference; lastKnownFileType = file.storyboard; name = Base; path = Base.lproj/LaunchScreen.storyboard; sourceTree = "<group>"; };
		8760CE6D1BF7C09100D30891 /* Info.plist */ = {isa = PBXFileReference; lastKnownFileType = text.plist.xml; path = Info.plist; sourceTree = "<group>"; };
/* End PBXFileReference section */

/* Begin PBXFrameworksBuildPhase section */
		8760CE581BF7C09100D30891 /* Frameworks */ = {
			isa = PBXFrameworksBuildPhase;
			buildActionMask = 2147483647;
			files = (
			);
			runOnlyForDeploymentPostprocessing = 0;
		};
/* End PBXFrameworksBuildPhase section */

/* Begin PBXGroup section */
		8760CE521BF7C09100D30891 = {
			isa = PBXGroup;
			children = (
				8760CE5D1BF7C09100D30891 /* LateDBC */,
				8760CE5C1BF7C09100D30891 /* Products */,
			);
			sourceTree = "<group>";
		};
		8760CE5C1BF7C09100D30891 /* Products */ = {
			isa = PBXGroup;
			children = (
				8760CE5B1BF7C09100D30891 /* LateDBC.app */,
			);
			name = Products;
			sourceTree = "<group>";
		};
		8760CE5D1BF7C09100D30891 /* LateDBC */ = {
			isa = PBXGroup;
			children = (
				8760CE5E1BF7C09100D30891 /* AppDelegate.swift */,
				8760CE601BF7C09100D30891 /* ViewController.swift */,
				8760CE621BF7C09100D30891 /* Main.storyboard */,
				8760CE681BF7C09100D30891 /* Assets.xcassets */,
				8760CE6A1BF7C09100D30891 /* LaunchScreen.storyboard */,
				8760CE6D1BF7C09100D30891 /* Info.plist */,
				8760CE651BF7C09100D30891 /* LateDBC.xcdatamodeld */,
			);
			path = LateDBC;
			sourceTree = "<group>";
		};
/* End PBXGroup section */

/* Begin PBXNativeTarget section */
		8760CE5A1BF7C09100D30891 /* LateDBC */ = {
			isa = PBXNativeTarget;
			buildConfigurationList = 8760CE701BF7C09100D30891 /* Build configuration list for PBXNativeTarget "LateDBC" */;
			buildPhases = (
				8760CE571BF7C09100D30891 /* Sources */,
				8760CE581BF7C09100D30891 /* Frameworks */,
				8760CE591BF7C09100D30891 /* Resources */,
			);
			buildRules = (
			);
			dependencies = (
			);
			name = LateDBC;
			productName = LateDBC;
			productReference = 8760CE5B1BF7C09100D30891 /* LateDBC.app */;
			productType = "com.apple.product-type.application";
		};
/* End PBXNativeTarget section */

/* Begin PBXProject section */
		8760CE531BF7C09100D30891 /* Project object */ = {
			isa = PBXProject;
			attributes = {
				LastSwiftUpdateCheck = 0710;
				LastUpgradeCheck = 0710;
				ORGANIZATIONNAME = "Jen Trudell";
				TargetAttributes = {
					8760CE5A1BF7C09100D30891 = {
						CreatedOnToolsVersion = 7.1.1;
						DevelopmentTeam = GBRQ8M89YU;
					};
				};
			};
			buildConfigurationList = 8760CE561BF7C09100D30891 /* Build configuration list for PBXProject "LateDBC" */;
			compatibilityVersion = "Xcode 3.2";
			developmentRegion = English;
			hasScannedForEncodings = 0;
			knownRegions = (
				en,
				Base,
			);
			mainGroup = 8760CE521BF7C09100D30891;
			productRefGroup = 8760CE5C1BF7C09100D30891 /* Products */;
			projectDirPath = "";
			projectRoot = "";
			targets = (
				8760CE5A1BF7C09100D30891 /* LateDBC */,
			);
		};
/* End PBXProject section */

/* Begin PBXResourcesBuildPhase section */
		8760CE591BF7C09100D30891 /* Resources */ = {
			isa = PBXResourcesBuildPhase;
			buildActionMask = 2147483647;
			files = (
				8760CE6C1BF7C09100D30891 /* LaunchScreen.storyboard in Resources */,
				8760CE691BF7C09100D30891 /* Assets.xcassets in Resources */,
				8760CE641BF7C09100D30891 /* Main.storyboard in Resources */,
			);
			runOnlyForDeploymentPostprocessing = 0;
		};
/* End PBXResourcesBuildPhase section */

/* Begin PBXSourcesBuildPhase section */
		8760CE571BF7C09100D30891 /* Sources */ = {
			isa = PBXSourcesBuildPhase;
			buildActionMask = 2147483647;
			files = (
				8760CE671BF7C09100D30891 /* LateDBC.xcdatamodeld in Sources */,
				8760CE611BF7C09100D30891 /* ViewController.swift in Sources */,
				8760CE5F1BF7C09100D30891 /* AppDelegate.swift in Sources */,
			);
			runOnlyForDeploymentPostprocessing = 0;
		};
/* End PBXSourcesBuildPhase section */

/* Begin PBXVariantGroup section */
		8760CE621BF7C09100D30891 /* Main.storyboard */ = {
			isa = PBXVariantGroup;
			children = (
				8760CE631BF7C09100D30891 /* Base */,
			);
			name = Main.storyboard;
			sourceTree = "<group>";
		};
		8760CE6A1BF7C09100D30891 /* LaunchScreen.storyboard */ = {
			isa = PBXVariantGroup;
			children = (
				8760CE6B1BF7C09100D30891 /* Base */,
			);
			name = LaunchScreen.storyboard;
			sourceTree = "<group>";
		};
/* End PBXVariantGroup section */

/* Begin XCBuildConfiguration section */
		8760CE6E1BF7C09100D30891 /* Debug */ = {
			isa = XCBuildConfiguration;
			buildSettings = {
				ALWAYS_SEARCH_USER_PATHS = NO;
				CLANG_CXX_LANGUAGE_STANDARD = "gnu++0x";
				CLANG_CXX_LIBRARY = "libc++";
				CLANG_ENABLE_MODULES = YES;
				CLANG_ENABLE_OBJC_ARC = YES;
				CLANG_WARN_BOOL_CONVERSION = YES;
				CLANG_WARN_CONSTANT_CONVERSION = YES;
				CLANG_WARN_DIRECT_OBJC_ISA_USAGE = YES_ERROR;
				CLANG_WARN_EMPTY_BODY = YES;
				CLANG_WARN_ENUM_CONVERSION = YES;
				CLANG_WARN_INT_CONVERSION = YES;
				CLANG_WARN_OBJC_ROOT_CLASS = YES_ERROR;
				CLANG_WARN_UNREACHABLE_CODE = YES;
				CLANG_WARN__DUPLICATE_METHOD_MATCH = YES;
				"CODE_SIGN_IDENTITY[sdk=iphoneos*]" = "iPhone Developer";
				COPY_PHASE_STRIP = NO;
				DEBUG_INFORMATION_FORMAT = dwarf;
				ENABLE_STRICT_OBJC_MSGSEND = YES;
				ENABLE_TESTABILITY = YES;
				GCC_C_LANGUAGE_STANDARD = gnu99;
				GCC_DYNAMIC_NO_PIC = NO;
				GCC_NO_COMMON_BLOCKS = YES;
				GCC_OPTIMIZATION_LEVEL = 0;
				GCC_PREPROCESSOR_DEFINITIONS = (
					"DEBUG=1",
					"$(inherited)",
				);
				GCC_WARN_64_TO_32_BIT_CONVERSION = YES;
				GCC_WARN_ABOUT_RETURN_TYPE = YES_ERROR;
				GCC_WARN_UNDECLARED_SELECTOR = YES;
				GCC_WARN_UNINITIALIZED_AUTOS = YES_AGGRESSIVE;
				GCC_WARN_UNUSED_FUNCTION = YES;
				GCC_WARN_UNUSED_VARIABLE = YES;
				IPHONEOS_DEPLOYMENT_TARGET = 9.1;
				MTL_ENABLE_DEBUG_INFO = YES;
				ONLY_ACTIVE_ARCH = YES;
				SDKROOT = iphoneos;
				SWIFT_OPTIMIZATION_LEVEL = "-Onone";
			};
			name = Debug;
		};
		8760CE6F1BF7C09100D30891 /* Release */ = {
			isa = XCBuildConfiguration;
			buildSettings = {
				ALWAYS_SEARCH_USER_PATHS = NO;
				CLANG_CXX_LANGUAGE_STANDARD = "gnu++0x";
				CLANG_CXX_LIBRARY = "libc++";
				CLANG_ENABLE_MODULES = YES;
				CLANG_ENABLE_OBJC_ARC = YES;
				CLANG_WARN_BOOL_CONVERSION = YES;
				CLANG_WARN_CONSTANT_CONVERSION = YES;
				CLANG_WARN_DIRECT_OBJC_ISA_USAGE = YES_ERROR;
				CLANG_WARN_EMPTY_BODY = YES;
				CLANG_WARN_ENUM_CONVERSION = YES;
				CLANG_WARN_INT_CONVERSION = YES;
				CLANG_WARN_OBJC_ROOT_CLASS = YES_ERROR;
				CLANG_WARN_UNREACHABLE_CODE = YES;
				CLANG_WARN__DUPLICATE_METHOD_MATCH = YES;
				"CODE_SIGN_IDENTITY[sdk=iphoneos*]" = "iPhone Developer";
				COPY_PHASE_STRIP = NO;
				DEBUG_INFORMATION_FORMAT = "dwarf-with-dsym";
				ENABLE_NS_ASSERTIONS = NO;
				ENABLE_STRICT_OBJC_MSGSEND = YES;
				GCC_C_LANGUAGE_STANDARD = gnu99;
				GCC_NO_COMMON_BLOCKS = YES;
				GCC_WARN_64_TO_32_BIT_CONVERSION = YES;
				GCC_WARN_ABOUT_RETURN_TYPE = YES_ERROR;
				GCC_WARN_UNDECLARED_SELECTOR = YES;
				GCC_WARN_UNINITIALIZED_AUTOS = YES_AGGRESSIVE;
				GCC_WARN_UNUSED_FUNCTION = YES;
				GCC_WARN_UNUSED_VARIABLE = YES;
				IPHONEOS_DEPLOYMENT_TARGET = 9.1;
				MTL_ENABLE_DEBUG_INFO = NO;
				SDKROOT = iphoneos;
				VALIDATE_PRODUCT = YES;
			};
			name = Release;
		};
		8760CE711BF7C09100D30891 /* Debug */ = {
			isa = XCBuildConfiguration;
			buildSettings = {
				ASSETCATALOG_COMPILER_APPICON_NAME = AppIcon;
				CODE_SIGN_IDENTITY = "iPhone Developer";
				INFOPLIST_FILE = LateDBC/Info.plist;
				LD_RUNPATH_SEARCH_PATHS = "$(inherited) @executable_path/Frameworks";
				PRODUCT_BUNDLE_IDENTIFIER = com.jtrudell.LateDBC.LateDBC;
				PRODUCT_NAME = "$(TARGET_NAME)";
			};
			name = Debug;
		};
		8760CE721BF7C09100D30891 /* Release */ = {
			isa = XCBuildConfiguration;
			buildSettings = {
				ASSETCATALOG_COMPILER_APPICON_NAME = AppIcon;
				CODE_SIGN_IDENTITY = "iPhone Developer";
				INFOPLIST_FILE = LateDBC/Info.plist;
				LD_RUNPATH_SEARCH_PATHS = "$(inherited) @executable_path/Frameworks";
				PRODUCT_BUNDLE_IDENTIFIER = com.jtrudell.LateDBC.LateDBC;
				PRODUCT_NAME = "$(TARGET_NAME)";
			};
			name = Release;
		};
/* End XCBuildConfiguration section */

/* Begin XCConfigurationList section */
		8760CE561BF7C09100D30891 /* Build configuration list for PBXProject "LateDBC" */ = {
			isa = XCConfigurationList;
			buildConfigurations = (
				8760CE6E1BF7C09100D30891 /* Debug */,
				8760CE6F1BF7C09100D30891 /* Release */,
			);
			defaultConfigurationIsVisible = 0;
			defaultConfigurationName = Release;
		};
		8760CE701BF7C09100D30891 /* Build configuration list for PBXNativeTarget "LateDBC" */ = {
			isa = XCConfigurationList;
			buildConfigurations = (
				8760CE711BF7C09100D30891 /* Debug */,
				8760CE721BF7C09100D30891 /* Release */,
			);
			defaultConfigurationIsVisible = 0;
		};
/* End XCConfigurationList section */

/* Begin XCVersionGroup section */
		8760CE651BF7C09100D30891 /* LateDBC.xcdatamodeld */ = {
			isa = XCVersionGroup;
			children = (
				8760CE661BF7C09100D30891 /* LateDBC.xcdatamodel */,
			);
			currentVersion = 8760CE661BF7C09100D30891 /* LateDBC.xcdatamodel */;
			path = LateDBC.xcdatamodeld;
			sourceTree = "<group>";
			versionGroupType = wrapper.xcdatamodel;
		};
/* End XCVersionGroup section */
	};
	rootObject = 8760CE531BF7C09100D30891 /* Project object */;
}
